
Microsoft Visual Studio Solution File, Format Version 12.00
# Visual Studio 15
Project("{FAE04EC0-301F-11D3-BF4B-00C04F79EFBC}") = "Mathematical-Surfaces-Graph-Unity-", "Assembly-CSharp.csproj", "{8F8A4E7A-91C3-D30A-395D-AE7C14E0622E}"
EndProject
Global
	GlobalSection(SolutionConfigurationPlatforms) = preSolution
		Debug|Any CPU = Debug|Any CPU
		Release|Any CPU = Release|Any CPU
	EndGlobalSection
	GlobalSection(ProjectConfigurationPlatforms) = postSolution
		{8F8A4E7A-91C3-D30A-395D-AE7C14E0622E}.Debug|Any CPU.ActiveCfg = Debug|Any CPU
		{8F8A4E7A-91C3-D30A-395D-AE7C14E0622E}.Debug|Any CPU.Build.0 = Debug|Any CPU
		{8F8A4E7A-91C3-D30A-395D-AE7C14E0622E}.Release|Any CPU.ActiveCfg = Release|Any CPU
		{8F8A4E7A-91C3-D30A-395D-AE7C14E0622E}.Release|Any CPU.Build.0 = Release|Any CPU
	EndGlobalSection
	GlobalSection(SolutionProperties) = preSolution
		HideSolutionNode = FALSE
	EndGlobalSection
EndGlobal
